
Microsoft Visual Studio Solution File, Format Version 12.00
# Visual Studio 14
VisualStudioVersion = 14.0.25420.1
MinimumVisualStudioVersion = 10.0.40219.1
Project("{FAE04EC0-301F-11D3-BF4B-00C04F79EFBC}") = "QuanLyDaoTao_TTTN", "QuanLyDaoTao_TTTN\QuanLyDaoTao_TTTN.csproj", "{721326F0-7B3E-4AD4-A5A2-467E21DD4BB0}"
EndProject
Project("{FAE04EC0-301F-11D3-BF4B-00C04F79EFBC}") = "DAO", "DAO\DAO.csproj", "{183A9A75-B537-4C80-ABD3-600391C65287}"
EndProject
Project("{FAE04EC0-301F-11D3-BF4B-00C04F79EFBC}") = "BLL", "BLL\BLL.csproj", "{3F4D069B-A7CE-466E-B4F4-E3D91709534A}"
EndProject
Project("{FAE04EC0-301F-11D3-BF4B-00C04F79EFBC}") = "UnitTestProject", "UnitTestProject\UnitTestProject.csproj", "{82B946DF-EB7E-4F74-9265-EBD15E420E31}"
EndProject
Global
	GlobalSection(SolutionConfigurationPlatforms) = preSolution
		Debug|Any CPU = Debug|Any CPU
		Release|Any CPU = Release|Any CPU
	EndGlobalSection
	GlobalSection(ProjectConfigurationPlatforms) = postSolution
		{721326F0-7B3E-4AD4-A5A2-467E21DD4BB0}.Debug|Any CPU.ActiveCfg = Debug|Any CPU
		{721326F0-7B3E-4AD4-A5A2-467E21DD4BB0}.Debug|Any CPU.Build.0 = Debug|Any CPU
		{721326F0-7B3E-4AD4-A5A2-467E21DD4BB0}.Release|Any CPU.ActiveCfg = Release|Any CPU
		{721326F0-7B3E-4AD4-A5A2-467E21DD4BB0}.Release|Any CPU.Build.0 = Release|Any CPU
		{183A9A75-B537-4C80-ABD3-600391C65287}.Debug|Any CPU.ActiveCfg = Debug|Any CPU
		{183A9A75-B537-4C80-ABD3-600391C65287}.Debug|Any CPU.Build.0 = Debug|Any CPU
		{183A9A75-B537-4C80-ABD3-600391C65287}.Release|Any CPU.ActiveCfg = Release|Any CPU
		{183A9A75-B537-4C80-ABD3-600391C65287}.Release|Any CPU.Build.0 = Release|Any CPU
		{3F4D069B-A7CE-466E-B4F4-E3D91709534A}.Debug|Any CPU.ActiveCfg = Debug|Any CPU
		{3F4D069B-A7CE-466E-B4F4-E3D91709534A}.Debug|Any CPU.Build.0 = Debug|Any CPU
		{3F4D069B-A7CE-466E-B4F4-E3D91709534A}.Release|Any CPU.ActiveCfg = Release|Any CPU
		{3F4D069B-A7CE-466E-B4F4-E3D91709534A}.Release|Any CPU.Build.0 = Release|Any CPU
		{82B946DF-EB7E-4F74-9265-EBD15E420E31}.Debug|Any CPU.ActiveCfg = Debug|Any CPU
		{82B946DF-EB7E-4F74-9265-EBD15E420E31}.Debug|Any CPU.Build.0 = Debug|Any CPU
		{82B946DF-EB7E-4F74-9265-EBD15E420E31}.Release|Any CPU.ActiveCfg = Release|Any CPU
		{82B946DF-EB7E-4F74-9265-EBD15E420E31}.Release|Any CPU.Build.0 = Release|Any CPU
	EndGlobalSection
	GlobalSection(SolutionProperties) = preSolution
		HideSolutionNode = FALSE
	EndGlobalSection
EndGlobal
